
Microsoft Visual Studio Solution File, Format Version 12.00
# Visual Studio Version 17
VisualStudioVersion = 17.8.34408.163
MinimumVisualStudioVersion = 10.0.40219.1
Project("{9A19103F-16F7-4668-BE54-9A1E7A4F7556}") = "MisTareas.API", "MisTareas.API\MisTareas.API.csproj", "{5A66FD48-0497-43D2-A1D1-37C943893872}"
EndProject
Project("{FAE04EC0-301F-11D3-BF4B-00C04F79EFBC}") = "MisTareas.Test", "MisTareas.Test\MisTareas.Test.csproj", "{CC6A2A83-A9D1-44FF-B284-F4138C5BD750}"
EndProject
Global
	GlobalSection(SolutionConfigurationPlatforms) = preSolution
		Debug|Any CPU = Debug|Any CPU
		Release|Any CPU = Release|Any CPU
	EndGlobalSection
	GlobalSection(ProjectConfigurationPlatforms) = postSolution
		{5A66FD48-0497-43D2-A1D1-37C943893872}.Debug|Any CPU.ActiveCfg = Debug|Any CPU
		{5A66FD48-0497-43D2-A1D1-37C943893872}.Debug|Any CPU.Build.0 = Debug|Any CPU
		{5A66FD48-0497-43D2-A1D1-37C943893872}.Release|Any CPU.ActiveCfg = Release|Any CPU
		{5A66FD48-0497-43D2-A1D1-37C943893872}.Release|Any CPU.Build.0 = Release|Any CPU
		{CC6A2A83-A9D1-44FF-B284-F4138C5BD750}.Debug|Any CPU.ActiveCfg = Debug|Any CPU
		{CC6A2A83-A9D1-44FF-B284-F4138C5BD750}.Debug|Any CPU.Build.0 = Debug|Any CPU
		{CC6A2A83-A9D1-44FF-B284-F4138C5BD750}.Release|Any CPU.ActiveCfg = Release|Any CPU
		{CC6A2A83-A9D1-44FF-B284-F4138C5BD750}.Release|Any CPU.Build.0 = Release|Any CPU
	EndGlobalSection
	GlobalSection(SolutionProperties) = preSolution
		HideSolutionNode = FALSE
	EndGlobalSection
	GlobalSection(ExtensibilityGlobals) = postSolution
		SolutionGuid = {700FD312-40E1-4D3A-85E1-E3F9C514FFE8}
	EndGlobalSection
EndGlobal
